
Microsoft Visual Studio Solution File, Format Version 12.00
# Visual Studio Version 16
VisualStudioVersion = 16.0.33214.272
MinimumVisualStudioVersion = 10.0.40219.1
Project("{FAE04EC0-301F-11D3-BF4B-00C04F79EFBC}") = "WebApplication2", "WebApplication2\WebApplication2.csproj", "{B23F7D87-4ED2-45DF-B307-6975B5E41EDF}"
EndProject
Global
	GlobalSection(SolutionConfigurationPlatforms) = preSolution
		Debug|Any CPU = Debug|Any CPU
		Release|Any CPU = Release|Any CPU
	EndGlobalSection
	GlobalSection(ProjectConfigurationPlatforms) = postSolution
		{B23F7D87-4ED2-45DF-B307-6975B5E41EDF}.Debug|Any CPU.ActiveCfg = Debug|Any CPU
		{B23F7D87-4ED2-45DF-B307-6975B5E41EDF}.Debug|Any CPU.Build.0 = Debug|Any CPU
		{B23F7D87-4ED2-45DF-B307-6975B5E41EDF}.Release|Any CPU.ActiveCfg = Release|Any CPU
		{B23F7D87-4ED2-45DF-B307-6975B5E41EDF}.Release|Any CPU.Build.0 = Release|Any CPU
	EndGlobalSection
	GlobalSection(SolutionProperties) = preSolution
		HideSolutionNode = FALSE
	EndGlobalSection
	GlobalSection(ExtensibilityGlobals) = postSolution
		SolutionGuid = {CAD29833-579E-431D-9E9F-FB26FADF7AB0}
	EndGlobalSection
EndGlobal
